
Microsoft Visual Studio Solution File, Format Version 12.00
# Visual Studio Version 16
VisualStudioVersion = 16.0.29806.167
MinimumVisualStudioVersion = 10.0.40219.1
Project("{FAE04EC0-301F-11D3-BF4B-00C04F79EFBC}") = "appinion-add-on", "appinion-add-on.csproj", "{20972BA2-9E0E-48C4-A914-A09CDD3431EF}"
EndProject
Global
	GlobalSection(SolutionConfigurationPlatforms) = preSolution
		Debug|Any CPU = Debug|Any CPU
		Release|Any CPU = Release|Any CPU
	EndGlobalSection
	GlobalSection(ProjectConfigurationPlatforms) = postSolution
		{20972BA2-9E0E-48C4-A914-A09CDD3431EF}.Debug|Any CPU.ActiveCfg = Debug|Any CPU
		{20972BA2-9E0E-48C4-A914-A09CDD3431EF}.Debug|Any CPU.Build.0 = Debug|Any CPU
		{20972BA2-9E0E-48C4-A914-A09CDD3431EF}.Release|Any CPU.ActiveCfg = Release|Any CPU
		{20972BA2-9E0E-48C4-A914-A09CDD3431EF}.Release|Any CPU.Build.0 = Release|Any CPU
	EndGlobalSection
	GlobalSection(SolutionProperties) = preSolution
		HideSolutionNode = FALSE
	EndGlobalSection
	GlobalSection(ExtensibilityGlobals) = postSolution
		SolutionGuid = {2F2122B6-A404-4A70-B415-402DD23F6F2A}
	EndGlobalSection
EndGlobal
